
Microsoft Visual Studio Solution File, Format Version 12.00
# Visual Studio 2013
VisualStudioVersion = 12.0.40629.0
MinimumVisualStudioVersion = 10.0.40219.1
Project("{8BC9CEB8-8B4A-11D0-8D11-00A0C91BC942}") = "TriangleTest", "TriangleTest\TriangleTest.vcxproj", "{DA17DEBC-BA0D-4048-8175-DEE7F64363F2}"
EndProject
Project("{8BC9CEB8-8B4A-11D0-8D11-00A0C91BC942}") = "SimpleClear", "SimpleClear\SimpleClear.vcxproj", "{91CB0365-2915-4F78-A28B-BFF3B0D9EBAD}"
EndProject
Project("{8BC9CEB8-8B4A-11D0-8D11-00A0C91BC942}") = "SimplePoint", "SimplePoint\SimplePoint.vcxproj", "{F53B7894-855F-4943-BDF0-DD2E05BEE09F}"
EndProject
Project("{8BC9CEB8-8B4A-11D0-8D11-00A0C91BC942}") = "SimpleTriangle", "SimpleTriangle\SimpleTriangle.vcxproj", "{929394A7-60AF-4E81-9EA7-CC1C38CD45A7}"
EndProject
Project("{8BC9CEB8-8B4A-11D0-8D11-00A0C91BC942}") = "MovingTriangle", "MovingTriangle\MovingTriangle.vcxproj", "{1A62BC8F-085B-4D51-9D9D-55E92C73734D}"
EndProject
Project("{8BC9CEB8-8B4A-11D0-8D11-00A0C91BC942}") = "TessTriangle", "TessTriangle\TessTriangle.vcxproj", "{80A498DC-7773-4AEC-A963-7FC9480174CF}"
EndProject
Project("{8BC9CEB8-8B4A-11D0-8D11-00A0C91BC942}") = "GeomTriangle", "GeomTriangle\GeomTriangle.vcxproj", "{8B26DB7F-8144-422C-842C-C99EE380B7A2}"
EndProject
Project("{8BC9CEB8-8B4A-11D0-8D11-00A0C91BC942}") = "FragTriangle1", "FragTriangle1\FragTriangle1.vcxproj", "{AEFB8B63-AB5A-4F6D-BDEA-33546C3EE622}"
EndProject
Project("{8BC9CEB8-8B4A-11D0-8D11-00A0C91BC942}") = "FragTriangle2", "FragTriangle2\FragTriangle2.vcxproj", "{5C1C4075-B3A0-47F6-8267-E0DD035280CB}"
EndProject
Project("{2150E333-8FDC-42A3-9474-1A3956D46DE8}") = "Chapter02", "Chapter02", "{12281F64-A79B-4444-8A9F-E497D1DFEEAD}"
EndProject
Project("{2150E333-8FDC-42A3-9474-1A3956D46DE8}") = "Chapter03", "Chapter03", "{217E25F5-5EF8-42C6-8E53-D6874CA631F3}"
EndProject
Global
	GlobalSection(SolutionConfigurationPlatforms) = preSolution
		Debug|Win32 = Debug|Win32
		Debug|x64 = Debug|x64
		Release|Win32 = Release|Win32
		Release|x64 = Release|x64
	EndGlobalSection
	GlobalSection(ProjectConfigurationPlatforms) = postSolution
		{DA17DEBC-BA0D-4048-8175-DEE7F64363F2}.Debug|Win32.ActiveCfg = Debug|Win32
		{DA17DEBC-BA0D-4048-8175-DEE7F64363F2}.Debug|Win32.Build.0 = Debug|Win32
		{DA17DEBC-BA0D-4048-8175-DEE7F64363F2}.Debug|x64.ActiveCfg = Debug|x64
		{DA17DEBC-BA0D-4048-8175-DEE7F64363F2}.Debug|x64.Build.0 = Debug|x64
		{DA17DEBC-BA0D-4048-8175-DEE7F64363F2}.Release|Win32.ActiveCfg = Release|Win32
		{DA17DEBC-BA0D-4048-8175-DEE7F64363F2}.Release|Win32.Build.0 = Release|Win32
		{DA17DEBC-BA0D-4048-8175-DEE7F64363F2}.Release|x64.ActiveCfg = Release|x64
		{DA17DEBC-BA0D-4048-8175-DEE7F64363F2}.Release|x64.Build.0 = Release|x64
		{91CB0365-2915-4F78-A28B-BFF3B0D9EBAD}.Debug|Win32.ActiveCfg = Debug|Win32
		{91CB0365-2915-4F78-A28B-BFF3B0D9EBAD}.Debug|Win32.Build.0 = Debug|Win32
		{91CB0365-2915-4F78-A28B-BFF3B0D9EBAD}.Debug|x64.ActiveCfg = Debug|x64
		{91CB0365-2915-4F78-A28B-BFF3B0D9EBAD}.Debug|x64.Build.0 = Debug|x64
		{91CB0365-2915-4F78-A28B-BFF3B0D9EBAD}.Release|Win32.ActiveCfg = Release|Win32
		{91CB0365-2915-4F78-A28B-BFF3B0D9EBAD}.Release|Win32.Build.0 = Release|Win32
		{91CB0365-2915-4F78-A28B-BFF3B0D9EBAD}.Release|x64.ActiveCfg = Release|x64
		{91CB0365-2915-4F78-A28B-BFF3B0D9EBAD}.Release|x64.Build.0 = Release|x64
		{F53B7894-855F-4943-BDF0-DD2E05BEE09F}.Debug|Win32.ActiveCfg = Debug|Win32
		{F53B7894-855F-4943-BDF0-DD2E05BEE09F}.Debug|Win32.Build.0 = Debug|Win32
		{F53B7894-855F-4943-BDF0-DD2E05BEE09F}.Debug|x64.ActiveCfg = Debug|x64
		{F53B7894-855F-4943-BDF0-DD2E05BEE09F}.Debug|x64.Build.0 = Debug|x64
		{F53B7894-855F-4943-BDF0-DD2E05BEE09F}.Release|Win32.ActiveCfg = Release|Win32
		{F53B7894-855F-4943-BDF0-DD2E05BEE09F}.Release|Win32.Build.0 = Release|Win32
		{F53B7894-855F-4943-BDF0-DD2E05BEE09F}.Release|x64.ActiveCfg = Release|x64
		{F53B7894-855F-4943-BDF0-DD2E05BEE09F}.Release|x64.Build.0 = Release|x64
		{929394A7-60AF-4E81-9EA7-CC1C38CD45A7}.Debug|Win32.ActiveCfg = Debug|Win32
		{929394A7-60AF-4E81-9EA7-CC1C38CD45A7}.Debug|Win32.Build.0 = Debug|Win32
		{929394A7-60AF-4E81-9EA7-CC1C38CD45A7}.Debug|x64.ActiveCfg = Debug|x64
		{929394A7-60AF-4E81-9EA7-CC1C38CD45A7}.Debug|x64.Build.0 = Debug|x64
		{929394A7-60AF-4E81-9EA7-CC1C38CD45A7}.Release|Win32.ActiveCfg = Release|Win32
		{929394A7-60AF-4E81-9EA7-CC1C38CD45A7}.Release|Win32.Build.0 = Release|Win32
		{929394A7-60AF-4E81-9EA7-CC1C38CD45A7}.Release|x64.ActiveCfg = Release|x64
		{929394A7-60AF-4E81-9EA7-CC1C38CD45A7}.Release|x64.Build.0 = Release|x64
		{1A62BC8F-085B-4D51-9D9D-55E92C73734D}.Debug|Win32.ActiveCfg = Debug|Win32
		{1A62BC8F-085B-4D51-9D9D-55E92C73734D}.Debug|Win32.Build.0 = Debug|Win32
		{1A62BC8F-085B-4D51-9D9D-55E92C73734D}.Debug|x64.ActiveCfg = Debug|x64
		{1A62BC8F-085B-4D51-9D9D-55E92C73734D}.Debug|x64.Build.0 = Debug|x64
		{1A62BC8F-085B-4D51-9D9D-55E92C73734D}.Release|Win32.ActiveCfg = Release|Win32
		{1A62BC8F-085B-4D51-9D9D-55E92C73734D}.Release|Win32.Build.0 = Release|Win32
		{1A62BC8F-085B-4D51-9D9D-55E92C73734D}.Release|x64.ActiveCfg = Release|x64
		{1A62BC8F-085B-4D51-9D9D-55E92C73734D}.Release|x64.Build.0 = Release|x64
		{80A498DC-7773-4AEC-A963-7FC9480174CF}.Debug|Win32.ActiveCfg = Debug|Win32
		{80A498DC-7773-4AEC-A963-7FC9480174CF}.Debug|Win32.Build.0 = Debug|Win32
		{80A498DC-7773-4AEC-A963-7FC9480174CF}.Debug|x64.ActiveCfg = Debug|x64
		{80A498DC-7773-4AEC-A963-7FC9480174CF}.Debug|x64.Build.0 = Debug|x64
		{80A498DC-7773-4AEC-A963-7FC9480174CF}.Release|Win32.ActiveCfg = Release|Win32
		{80A498DC-7773-4AEC-A963-7FC9480174CF}.Release|Win32.Build.0 = Release|Win32
		{80A498DC-7773-4AEC-A963-7FC9480174CF}.Release|x64.ActiveCfg = Release|x64
		{80A498DC-7773-4AEC-A963-7FC9480174CF}.Release|x64.Build.0 = Release|x64
		{8B26DB7F-8144-422C-842C-C99EE380B7A2}.Debug|Win32.ActiveCfg = Debug|Win32
		{8B26DB7F-8144-422C-842C-C99EE380B7A2}.Debug|Win32.Build.0 = Debug|Win32
		{8B26DB7F-8144-422C-842C-C99EE380B7A2}.Debug|x64.ActiveCfg = Debug|x64
		{8B26DB7F-8144-422C-842C-C99EE380B7A2}.Debug|x64.Build.0 = Debug|x64
		{8B26DB7F-8144-422C-842C-C99EE380B7A2}.Release|Win32.ActiveCfg = Release|Win32
		{8B26DB7F-8144-422C-842C-C99EE380B7A2}.Release|Win32.Build.0 = Release|Win32
		{8B26DB7F-8144-422C-842C-C99EE380B7A2}.Release|x64.ActiveCfg = Release|x64
		{8B26DB7F-8144-422C-842C-C99EE380B7A2}.Release|x64.Build.0 = Release|x64
		{AEFB8B63-AB5A-4F6D-BDEA-33546C3EE622}.Debug|Win32.ActiveCfg = Debug|Win32
		{AEFB8B63-AB5A-4F6D-BDEA-33546C3EE622}.Debug|Win32.Build.0 = Debug|Win32
		{AEFB8B63-AB5A-4F6D-BDEA-33546C3EE622}.Debug|x64.ActiveCfg = Debug|x64
		{AEFB8B63-AB5A-4F6D-BDEA-33546C3EE622}.Debug|x64.Build.0 = Debug|x64
		{AEFB8B63-AB5A-4F6D-BDEA-33546C3EE622}.Release|Win32.ActiveCfg = Release|Win32
		{AEFB8B63-AB5A-4F6D-BDEA-33546C3EE622}.Release|Win32.Build.0 = Release|Win32
		{AEFB8B63-AB5A-4F6D-BDEA-33546C3EE622}.Release|x64.ActiveCfg = Release|Win32
		{5C1C4075-B3A0-47F6-8267-E0DD035280CB}.Debug|Win32.ActiveCfg = Debug|Win32
		{5C1C4075-B3A0-47F6-8267-E0DD035280CB}.Debug|Win32.Build.0 = Debug|Win32
		{5C1C4075-B3A0-47F6-8267-E0DD035280CB}.Debug|x64.ActiveCfg = Debug|x64
		{5C1C4075-B3A0-47F6-8267-E0DD035280CB}.Debug|x64.Build.0 = Debug|x64
		{5C1C4075-B3A0-47F6-8267-E0DD035280CB}.Release|Win32.ActiveCfg = Release|Win32
		{5C1C4075-B3A0-47F6-8267-E0DD035280CB}.Release|Win32.Build.0 = Release|Win32
		{5C1C4075-B3A0-47F6-8267-E0DD035280CB}.Release|x64.ActiveCfg = Release|Win32
	EndGlobalSection
	GlobalSection(SolutionProperties) = preSolution
		HideSolutionNode = FALSE
	EndGlobalSection
	GlobalSection(NestedProjects) = preSolution
		{91CB0365-2915-4F78-A28B-BFF3B0D9EBAD} = {12281F64-A79B-4444-8A9F-E497D1DFEEAD}
		{F53B7894-855F-4943-BDF0-DD2E05BEE09F} = {12281F64-A79B-4444-8A9F-E497D1DFEEAD}
		{929394A7-60AF-4E81-9EA7-CC1C38CD45A7} = {12281F64-A79B-4444-8A9F-E497D1DFEEAD}
		{1A62BC8F-085B-4D51-9D9D-55E92C73734D} = {217E25F5-5EF8-42C6-8E53-D6874CA631F3}
		{80A498DC-7773-4AEC-A963-7FC9480174CF} = {217E25F5-5EF8-42C6-8E53-D6874CA631F3}
		{8B26DB7F-8144-422C-842C-C99EE380B7A2} = {217E25F5-5EF8-42C6-8E53-D6874CA631F3}
		{AEFB8B63-AB5A-4F6D-BDEA-33546C3EE622} = {217E25F5-5EF8-42C6-8E53-D6874CA631F3}
		{5C1C4075-B3A0-47F6-8267-E0DD035280CB} = {217E25F5-5EF8-42C6-8E53-D6874CA631F3}
	EndGlobalSection
EndGlobal
